
Microsoft Visual Studio Solution File, Format Version 12.00
# Visual Studio 15
VisualStudioVersion = 15.0.27004.2008
MinimumVisualStudioVersion = 10.0.40219.1
Project("{8BC9CEB8-8B4A-11D0-8D11-00A0C91BC942}") = "LightMaster", "LightMaster.vcxproj", "{C5F80730-F44F-4478-BDAE-6634EFC2CA88}"
EndProject
Project("{2150E333-8FDC-42A3-9474-1A3956D46DE8}") = "Info", "Info", "{72F95642-2307-482F-A6D2-BC6ED2813719}"
	ProjectSection(SolutionItems) = preProject
		Resources.txt = Resources.txt
	EndProjectSection
EndProject
Project("{8BC9CEB8-8B4A-11D0-8D11-00A0C91BC942}") = "DummyConsole", "..\DummyConsole\DummyConsole.vcxproj", "{CDA38A55-5244-4FAD-BEDB-0F49E4AB655F}"
EndProject
Project("{8BC9CEB8-8B4A-11D0-8D11-00A0C91BC942}") = "Dummy", "..\..\Arduino\Dummy\Dummy.vcxproj", "{51803397-DB43-4B55-98E5-8DFF38EFF011}"
EndProject
Global
	GlobalSection(SolutionConfigurationPlatforms) = preSolution
		Debug|x64 = Debug|x64
		Debug|x86 = Debug|x86
		Release|x64 = Release|x64
		Release|x86 = Release|x86
	EndGlobalSection
	GlobalSection(ProjectConfigurationPlatforms) = postSolution
		{C5F80730-F44F-4478-BDAE-6634EFC2CA88}.Debug|x64.ActiveCfg = Debug|Win32
		{C5F80730-F44F-4478-BDAE-6634EFC2CA88}.Debug|x86.ActiveCfg = Debug|Win32
		{C5F80730-F44F-4478-BDAE-6634EFC2CA88}.Debug|x86.Build.0 = Debug|Win32
		{C5F80730-F44F-4478-BDAE-6634EFC2CA88}.Release|x64.ActiveCfg = Release|Win32
		{C5F80730-F44F-4478-BDAE-6634EFC2CA88}.Release|x86.ActiveCfg = Release|Win32
		{C5F80730-F44F-4478-BDAE-6634EFC2CA88}.Release|x86.Build.0 = Release|Win32
		{CDA38A55-5244-4FAD-BEDB-0F49E4AB655F}.Debug|x64.ActiveCfg = Debug|x64
		{CDA38A55-5244-4FAD-BEDB-0F49E4AB655F}.Debug|x64.Build.0 = Debug|x64
		{CDA38A55-5244-4FAD-BEDB-0F49E4AB655F}.Debug|x86.ActiveCfg = Debug|Win32
		{CDA38A55-5244-4FAD-BEDB-0F49E4AB655F}.Debug|x86.Build.0 = Debug|Win32
		{CDA38A55-5244-4FAD-BEDB-0F49E4AB655F}.Release|x64.ActiveCfg = Release|x64
		{CDA38A55-5244-4FAD-BEDB-0F49E4AB655F}.Release|x64.Build.0 = Release|x64
		{CDA38A55-5244-4FAD-BEDB-0F49E4AB655F}.Release|x86.ActiveCfg = Release|Win32
		{CDA38A55-5244-4FAD-BEDB-0F49E4AB655F}.Release|x86.Build.0 = Release|Win32
		{51803397-DB43-4B55-98E5-8DFF38EFF011}.Debug|x64.ActiveCfg = Debug|Win32
		{51803397-DB43-4B55-98E5-8DFF38EFF011}.Debug|x86.ActiveCfg = Debug|Win32
		{51803397-DB43-4B55-98E5-8DFF38EFF011}.Debug|x86.Build.0 = Debug|Win32
		{51803397-DB43-4B55-98E5-8DFF38EFF011}.Release|x64.ActiveCfg = Release|Win32
		{51803397-DB43-4B55-98E5-8DFF38EFF011}.Release|x86.ActiveCfg = Release|Win32
		{51803397-DB43-4B55-98E5-8DFF38EFF011}.Release|x86.Build.0 = Release|Win32
	EndGlobalSection
	GlobalSection(SolutionProperties) = preSolution
		HideSolutionNode = FALSE
	EndGlobalSection
	GlobalSection(ExtensibilityGlobals) = postSolution
		SolutionGuid = {4631EFEC-9957-4B69-8CE7-8EDCFE8FB869}
	EndGlobalSection
EndGlobal
