<?xml version="1.0" encoding="utf-8"?>
<Project ToolsVersion="4.0" xmlns="http://schemas.microsoft.com/developer/msbuild/2003">
  <ItemGroup>
    <Filter Include="Source Files">
      <UniqueIdentifier>{4FC737F1-C7A5-4376-A066-2A32D752A2FF}</UniqueIdentifier>
      <Extensions>cpp;c;cc;cxx;def;odl;idl;hpj;bat;asm;asmx</Extensions>
    </Filter>
    <Filter Include="Header Files">
      <UniqueIdentifier>{93995380-89BD-4b04-88EB-625FBE52EBFB}</UniqueIdentifier>
      <Extensions>h;hh;hpp;hxx;hm;inl;inc;xsd</Extensions>
    </Filter>
    <Filter Include="Resource Files">
      <UniqueIdentifier>{67DA6AB6-F800-4c08-8B7A-83BB121AAD01}</UniqueIdentifier>
      <Extensions>rc;ico;cur;bmp;dlg;rc2;rct;bin;rgs;gif;jpg;jpeg;jpe;resx;tiff;tif;png;wav;mfcribbon-ms</Extensions>
    </Filter>
    <Filter Include="LightMaster">
      <UniqueIdentifier>{6b56b3c9-81e2-4772-9227-84e5b4107560}</UniqueIdentifier>
    </Filter>
    <Filter Include="LightMaster\Headers">
      <UniqueIdentifier>{c73ce951-c2ac-43ff-8890-1861b70aedf1}</UniqueIdentifier>
    </Filter>
    <Filter Include="LightMaster\Source">
      <UniqueIdentifier>{dd2070ed-7cc9-4028-8de7-ac8c3d3dbd99}</UniqueIdentifier>
    </Filter>
  </ItemGroup>
  <ItemGroup>
    <ClInclude Include="stdafx.h">
      <Filter>Header Files</Filter>
    </ClInclude>
    <ClInclude Include="targetver.h">
      <Filter>Header Files</Filter>
    </ClInclude>
    <ClInclude Include="DummySystem.h">
      <Filter>Header Files</Filter>
    </ClInclude>
    <ClInclude Include="..\LightMaster\Selector.h">
      <Filter>LightMaster\Headers</Filter>
    </ClInclude>
    <ClInclude Include="..\LightMaster\LMSystem.h">
      <Filter>LightMaster\Headers</Filter>
    </ClInclude>
    <ClInclude Include="..\LightMaster\ActionBase.h">
      <Filter>LightMaster\Headers</Filter>
    </ClInclude>
    <ClInclude Include="..\LightMaster\ActionManager.h">
      <Filter>LightMaster\Headers</Filter>
    </ClInclude>
    <ClInclude Include="..\LightMaster\ColorManager.h">
      <Filter>LightMaster\Headers</Filter>
    </ClInclude>
    <ClInclude Include="..\LightMaster\Fade.h">
      <Filter>LightMaster\Headers</Filter>
    </ClInclude>
    <ClInclude Include="..\LightMaster\IAction.h">
      <Filter>LightMaster\Headers</Filter>
    </ClInclude>
    <ClInclude Include="..\LightMaster\Lamps.h">
      <Filter>LightMaster\Headers</Filter>
    </ClInclude>
    <ClInclude Include="..\LightMaster\LampsManager.h">
      <Filter>LightMaster\Headers</Filter>
    </ClInclude>
    <ClInclude Include="..\LightMaster\OutputManger.h">
      <Filter>LightMaster\Headers</Filter>
    </ClInclude>
    <ClInclude Include="..\LightMaster\Flicker.h">
      <Filter>LightMaster\Headers</Filter>
    </ClInclude>
    <ClInclude Include="..\LightMaster\Runner.h">
      <Filter>LightMaster\Headers</Filter>
    </ClInclude>
  </ItemGroup>
  <ItemGroup>
    <ClCompile Include="stdafx.cpp">
      <Filter>Source Files</Filter>
    </ClCompile>
    <ClCompile Include="Dummy.cpp">
      <Filter>Source Files</Filter>
    </ClCompile>
    <ClCompile Include="DummySystem.cpp">
      <Filter>Source Files</Filter>
    </ClCompile>
    <ClCompile Include="..\LightMaster\Selector.cpp">
      <Filter>LightMaster\Source</Filter>
    </ClCompile>
    <ClCompile Include="..\LightMaster\LMSystem.cpp">
      <Filter>LightMaster\Source</Filter>
    </ClCompile>
    <ClCompile Include="..\LightMaster\Fade.cpp">
      <Filter>LightMaster\Source</Filter>
    </ClCompile>
    <ClCompile Include="..\LightMaster\ColorManager.cpp">
      <Filter>LightMaster\Source</Filter>
    </ClCompile>
    <ClCompile Include="..\LightMaster\ActionManager.cpp">
      <Filter>LightMaster\Source</Filter>
    </ClCompile>
    <ClCompile Include="..\LightMaster\ActionBase.cpp">
      <Filter>LightMaster\Source</Filter>
    </ClCompile>
    <ClCompile Include="..\LightMaster\Lamps.cpp">
      <Filter>LightMaster\Source</Filter>
    </ClCompile>
    <ClCompile Include="..\LightMaster\LampsManager.cpp">
      <Filter>LightMaster\Source</Filter>
    </ClCompile>
    <ClCompile Include="..\LightMaster\OutputManger.cpp">
      <Filter>LightMaster\Source</Filter>
    </ClCompile>
    <ClCompile Include="..\LightMaster\Flicker.cpp">
      <Filter>LightMaster\Source</Filter>
    </ClCompile>
    <ClCompile Include="..\LightMaster\Runner.cpp">
      <Filter>LightMaster\Source</Filter>
    </ClCompile>
  </ItemGroup>
</Project>