<?xml version="1.0" encoding="utf-8"?>
<Project ToolsVersion="4.0" xmlns="http://schemas.microsoft.com/developer/msbuild/2003">
  <ItemGroup>
    <Filter Include="Source Files">
      <UniqueIdentifier>{4FC737F1-C7A5-4376-A066-2A32D752A2FF}</UniqueIdentifier>
      <Extensions>cpp;c;cc;cxx;def;odl;idl;hpj;bat;asm;asmx</Extensions>
    </Filter>
    <Filter Include="Header Files">
      <UniqueIdentifier>{93995380-89BD-4b04-88EB-625FBE52EBFB}</UniqueIdentifier>
      <Extensions>h;hh;hpp;hxx;hm;inl;inc;xsd</Extensions>
    </Filter>
    <Filter Include="Resource Files">
      <UniqueIdentifier>{67DA6AB6-F800-4c08-8B7A-83BB121AAD01}</UniqueIdentifier>
      <Extensions>rc;ico;cur;bmp;dlg;rc2;rct;bin;rgs;gif;jpg;jpeg;jpe;resx;tiff;tif;png;wav;mfcribbon-ms</Extensions>
    </Filter>
    <Filter Include="Source Files\Managers">
      <UniqueIdentifier>{089dcfa0-708e-4b94-a154-5072855f40f7}</UniqueIdentifier>
    </Filter>
    <Filter Include="Header Files\Managers">
      <UniqueIdentifier>{5572582c-ad56-4578-bae9-218e9dad93a9}</UniqueIdentifier>
    </Filter>
    <Filter Include="Actions">
      <UniqueIdentifier>{a94bbf8a-5341-41c3-8ccf-b05efda082cb}</UniqueIdentifier>
    </Filter>
    <Filter Include="Actions\Source">
      <UniqueIdentifier>{1a5497f7-ff44-46ae-bc96-cf9cdc4261e7}</UniqueIdentifier>
    </Filter>
    <Filter Include="Actions\Header">
      <UniqueIdentifier>{fbb51f54-7ec2-4152-ac19-69e76f28f742}</UniqueIdentifier>
    </Filter>
    <Filter Include="Interfaces">
      <UniqueIdentifier>{1b7920ad-1d6b-4f2f-a40f-3abb8752961f}</UniqueIdentifier>
    </Filter>
    <Filter Include="Utilities">
      <UniqueIdentifier>{c2c082e1-03f5-47c0-8b35-8fa6eba9a5a0}</UniqueIdentifier>
    </Filter>
    <Filter Include="Utilities\MCP23017">
      <UniqueIdentifier>{595bd30a-27ee-4e99-b671-62ce97ff4509}</UniqueIdentifier>
    </Filter>
  </ItemGroup>
  <ItemGroup>
    <None Include="LightMaster.ino" />
  </ItemGroup>
  <ItemGroup>
    <ClInclude Include="__vm\.LightMaster.vsarduino.h">
      <Filter>Header Files</Filter>
    </ClInclude>
    <ClInclude Include="LMSystem.h">
      <Filter>Header Files</Filter>
    </ClInclude>
    <ClInclude Include="Selector.h">
      <Filter>Header Files</Filter>
    </ClInclude>
    <ClInclude Include="ColorManager.h">
      <Filter>Header Files\Managers</Filter>
    </ClInclude>
    <ClInclude Include="ActionBase.h">
      <Filter>Actions\Header</Filter>
    </ClInclude>
    <ClInclude Include="Fade.h">
      <Filter>Actions\Header</Filter>
    </ClInclude>
    <ClInclude Include="ActionManager.h">
      <Filter>Header Files\Managers</Filter>
    </ClInclude>
    <ClInclude Include="stdfax.h">
      <Filter>Header Files</Filter>
    </ClInclude>
    <ClInclude Include="targetver.h">
      <Filter>Header Files</Filter>
    </ClInclude>
    <ClInclude Include="Lamp.h">
      <Filter>Header Files</Filter>
    </ClInclude>
    <ClInclude Include="Lamps.h">
      <Filter>Header Files</Filter>
    </ClInclude>
    <ClInclude Include="LampsManager.h">
      <Filter>Header Files\Managers</Filter>
    </ClInclude>
    <ClInclude Include="OutputManger.h">
      <Filter>Header Files\Managers</Filter>
    </ClInclude>
    <ClInclude Include="Flicker.h">
      <Filter>Actions\Header</Filter>
    </ClInclude>
    <ClInclude Include="Runner.h">
      <Filter>Actions\Header</Filter>
    </ClInclude>
    <ClInclude Include="Fixed.h">
      <Filter>Actions\Header</Filter>
    </ClInclude>
    <ClInclude Include="MCP23017Manager.h">
      <Filter>Header Files\Managers</Filter>
    </ClInclude>
    <ClInclude Include="..\libraries\Adafruit_MCP23017.h">
      <Filter>Utilities\MCP23017</Filter>
    </ClInclude>
  </ItemGroup>
  <ItemGroup>
    <ClCompile Include="LMSystem.cpp">
      <Filter>Source Files</Filter>
    </ClCompile>
    <ClCompile Include="Selector.cpp">
      <Filter>Source Files</Filter>
    </ClCompile>
    <ClCompile Include="ColorManager.cpp">
      <Filter>Source Files\Managers</Filter>
    </ClCompile>
    <ClCompile Include="ActionBase.cpp">
      <Filter>Actions\Source</Filter>
    </ClCompile>
    <ClCompile Include="Fade.cpp">
      <Filter>Actions\Source</Filter>
    </ClCompile>
    <ClCompile Include="ActionManager.cpp">
      <Filter>Source Files\Managers</Filter>
    </ClCompile>
    <ClCompile Include="Lamps.cpp">
      <Filter>Source Files</Filter>
    </ClCompile>
    <ClCompile Include="LampsManager.cpp">
      <Filter>Source Files\Managers</Filter>
    </ClCompile>
    <ClCompile Include="OutputManger.cpp">
      <Filter>Source Files\Managers</Filter>
    </ClCompile>
    <ClCompile Include="Flicker.cpp">
      <Filter>Actions\Source</Filter>
    </ClCompile>
    <ClCompile Include="Runner.cpp">
      <Filter>Actions\Source</Filter>
    </ClCompile>
    <ClCompile Include="Fixed.cpp">
      <Filter>Actions\Source</Filter>
    </ClCompile>
    <ClCompile Include="MCP23017Manager.cpp">
      <Filter>Source Files\Managers</Filter>
    </ClCompile>
    <ClCompile Include="..\libraries\Adafruit_MCP23017.cpp">
      <Filter>Utilities\MCP23017</Filter>
    </ClCompile>
  </ItemGroup>
</Project>